
Microsoft Visual Studio Solution File, Format Version 12.00
# Visual Studio Version 17
VisualStudioVersion = 17.1.32210.238
MinimumVisualStudioVersion = 10.0.40219.1
Project("{9A19103F-16F7-4668-BE54-9A1E7A4F7556}") = "ecommerceapi", "ecommerceapi\ecommerceapi.csproj", "{5B9A7E7B-A94C-40E1-8D38-66D2D68244EF}"
EndProject
Project("{FAE04EC0-301F-11D3-BF4B-00C04F79EFBC}") = "ecommerceclient", "ecommerceclient\ecommerceclient.csproj", "{64023A0F-491D-4927-8BD8-8EDD98ED17CD}"
EndProject
Global
	GlobalSection(SolutionConfigurationPlatforms) = preSolution
		Debug|Any CPU = Debug|Any CPU
		Release|Any CPU = Release|Any CPU
	EndGlobalSection
	GlobalSection(ProjectConfigurationPlatforms) = postSolution
		{5B9A7E7B-A94C-40E1-8D38-66D2D68244EF}.Debug|Any CPU.ActiveCfg = Debug|Any CPU
		{5B9A7E7B-A94C-40E1-8D38-66D2D68244EF}.Debug|Any CPU.Build.0 = Debug|Any CPU
		{5B9A7E7B-A94C-40E1-8D38-66D2D68244EF}.Release|Any CPU.ActiveCfg = Release|Any CPU
		{5B9A7E7B-A94C-40E1-8D38-66D2D68244EF}.Release|Any CPU.Build.0 = Release|Any CPU
		{64023A0F-491D-4927-8BD8-8EDD98ED17CD}.Debug|Any CPU.ActiveCfg = Debug|Any CPU
		{64023A0F-491D-4927-8BD8-8EDD98ED17CD}.Debug|Any CPU.Build.0 = Debug|Any CPU
		{64023A0F-491D-4927-8BD8-8EDD98ED17CD}.Release|Any CPU.ActiveCfg = Release|Any CPU
		{64023A0F-491D-4927-8BD8-8EDD98ED17CD}.Release|Any CPU.Build.0 = Release|Any CPU
	EndGlobalSection
	GlobalSection(SolutionProperties) = preSolution
		HideSolutionNode = FALSE
	EndGlobalSection
	GlobalSection(ExtensibilityGlobals) = postSolution
		SolutionGuid = {5BAEFE48-3605-4E40-9B97-BD913FD49B3E}
	EndGlobalSection
EndGlobal
